
Microsoft Visual Studio Solution File, Format Version 12.00
# Visual Studio Version 17
VisualStudioVersion = 17.1.32421.90
MinimumVisualStudioVersion = 10.0.40219.1
Project("{9A19103F-16F7-4668-BE54-9A1E7A4F7556}") = "Befordring", "Befordring.csproj", "{4C3C5361-0397-4298-B90D-521AB172E9E5}"
EndProject
Project("{FAE04EC0-301F-11D3-BF4B-00C04F79EFBC}") = "TestProject1", "..\TestProject1\TestProject1.csproj", "{203BF3FF-8473-45A9-B7A6-3C399CA873E4}"
EndProject
Global
	GlobalSection(SolutionConfigurationPlatforms) = preSolution
		Debug|Any CPU = Debug|Any CPU
		Release|Any CPU = Release|Any CPU
	EndGlobalSection
	GlobalSection(ProjectConfigurationPlatforms) = postSolution
		{4C3C5361-0397-4298-B90D-521AB172E9E5}.Debug|Any CPU.ActiveCfg = Debug|Any CPU
		{4C3C5361-0397-4298-B90D-521AB172E9E5}.Debug|Any CPU.Build.0 = Debug|Any CPU
		{4C3C5361-0397-4298-B90D-521AB172E9E5}.Release|Any CPU.ActiveCfg = Release|Any CPU
		{4C3C5361-0397-4298-B90D-521AB172E9E5}.Release|Any CPU.Build.0 = Release|Any CPU
		{203BF3FF-8473-45A9-B7A6-3C399CA873E4}.Debug|Any CPU.ActiveCfg = Debug|Any CPU
		{203BF3FF-8473-45A9-B7A6-3C399CA873E4}.Debug|Any CPU.Build.0 = Debug|Any CPU
		{203BF3FF-8473-45A9-B7A6-3C399CA873E4}.Release|Any CPU.ActiveCfg = Release|Any CPU
		{203BF3FF-8473-45A9-B7A6-3C399CA873E4}.Release|Any CPU.Build.0 = Release|Any CPU
	EndGlobalSection
	GlobalSection(SolutionProperties) = preSolution
		HideSolutionNode = FALSE
	EndGlobalSection
	GlobalSection(ExtensibilityGlobals) = postSolution
		SolutionGuid = {2E156142-F0D6-4FBE-9FFD-E95E6BBA04AE}
	EndGlobalSection
EndGlobal
